
Microsoft Visual Studio Solution File, Format Version 12.00
# Visual Studio Version 17
VisualStudioVersion = 17.5.001.0
MinimumVisualStudioVersion = 10.0.40219.1
Project("{9A19103F-16F7-4668-BE54-9A1E7A4F7556}") = "MySpot.Api", "MySpot.Api.csproj", "{BC218BB8-C2B0-4A13-BDC4-7AE3E6688219}"
EndProject
Global
	GlobalSection(SolutionConfigurationPlatforms) = preSolution
		Debug|Any CPU = Debug|Any CPU
		Release|Any CPU = Release|Any CPU
	EndGlobalSection
	GlobalSection(ProjectConfigurationPlatforms) = postSolution
		{BC218BB8-C2B0-4A13-BDC4-7AE3E6688219}.Debug|Any CPU.ActiveCfg = Debug|Any CPU
		{BC218BB8-C2B0-4A13-BDC4-7AE3E6688219}.Debug|Any CPU.Build.0 = Debug|Any CPU
		{BC218BB8-C2B0-4A13-BDC4-7AE3E6688219}.Release|Any CPU.ActiveCfg = Release|Any CPU
		{BC218BB8-C2B0-4A13-BDC4-7AE3E6688219}.Release|Any CPU.Build.0 = Release|Any CPU
	EndGlobalSection
	GlobalSection(SolutionProperties) = preSolution
		HideSolutionNode = FALSE
	EndGlobalSection
	GlobalSection(ExtensibilityGlobals) = postSolution
		SolutionGuid = {12F9EBB3-F571-41D2-A32E-3CFD66DFAF2D}
	EndGlobalSection
EndGlobal
